{
  "requires": true,
  "lockfileVersion": 1,
  "dependencies": {
    "chance": {
      "version": "1.1.6",
      "resolved": "https://registry.npmjs.org/chance/-/chance-1.1.6.tgz",
      "integrity": "sha512-DXLzaGjasDWbvlFAJyQBIwlzdQZuPdz4of9TTTxmHTjja88ZU/vBwUwxxjalSt43zWTPrhiJT0z0N4bZqfZS9w=="
    },
    "mkdirp": {
      "version": "1.0.4",
      "resolved": "https://registry.npmjs.org/mkdirp/-/mkdirp-1.0.4.tgz",
      "integrity": "sha512-vVqVZQyf3WLx2Shd0qJ9xuvqgAyKPLAiqITEtqW0oIUjzo3PePDd6fW9iFz30ef7Ysp/oiWqbhszeGWW2T6Gzw=="
    }
  }
}
